// !$*UTF8*$!
{
	archiveVersion = 1;
	classes = {
	};
	objectVersion = 46;
	objects = {

/* Begin PBXBuildFile section */
		120D954425AC04EB00F95416 /* BaseWebVC.bundle in Resources */ = {isa = PBXBuildFile; fileRef = 120D954225AC04EB00F95416 /* BaseWebVC.bundle */; };
		120D954525AC04EB00F95416 /* BaseWebVC.swift in Sources */ = {isa = PBXBuildFile; fileRef = 120D954325AC04EB00F95416 /* BaseWebVC.swift */; };
		120D959625AC479500F95416 /* BaseWebActivity.swift in Sources */ = {isa = PBXBuildFile; fileRef = 120D959525AC479500F95416 /* BaseWebActivity.swift */; };
		120D95A925AC4C4C00F95416 /* BaseWebActivitySafari.swift in Sources */ = {isa = PBXBuildFile; fileRef = 120D95A825AC4C4B00F95416 /* BaseWebActivitySafari.swift */; };
		120D95AF25AC4F8C00F95416 /* BaseWebActivitySafari@2x.png in Resources */ = {isa = PBXBuildFile; fileRef = 120D95AC25AC4F8C00F95416 /* BaseWebActivitySafari@2x.png */; };
		120D95B025AC4F8C00F95416 /* BaseWebActivitySafari-iPad@2x.png in Resources */ = {isa = PBXBuildFile; fileRef = 120D95AD25AC4F8C00F95416 /* BaseWebActivitySafari-iPad@2x.png */; };
		120D95B125AC4F8C00F95416 /* BaseWebActivitySafari-iPad.png in Resources */ = {isa = PBXBuildFile; fileRef = 120D95AE25AC4F8C00F95416 /* BaseWebActivitySafari-iPad.png */; };
		120D95C125AC4FE800F95416 /* BaseWebActivityChrome@2x.png in Resources */ = {isa = PBXBuildFile; fileRef = 120D95BE25AC4FE800F95416 /* BaseWebActivityChrome@2x.png */; };
		120D95C225AC4FE800F95416 /* BaseWebActivityChrome-iPad@2x.png in Resources */ = {isa = PBXBuildFile; fileRef = 120D95BF25AC4FE800F95416 /* BaseWebActivityChrome-iPad@2x.png */; };
		120D95C325AC4FE800F95416 /* BaseWebActivityChrome-iPad.png in Resources */ = {isa = PBXBuildFile; fileRef = 120D95C025AC4FE800F95416 /* BaseWebActivityChrome-iPad.png */; };
		120D95C625AC4FF300F95416 /* BaseWebActivityChrome.swift in Sources */ = {isa = PBXBuildFile; fileRef = 120D95C525AC4FF300F95416 /* BaseWebActivityChrome.swift */; };
		121B255423BF47FD000EB096 /* GCDTimer.swift in Sources */ = {isa = PBXBuildFile; fileRef = 121B255323BF47FD000EB096 /* GCDTimer.swift */; };
		121B255723BF4BA1000EB096 /* ALGCDTimer.m in Sources */ = {isa = PBXBuildFile; fileRef = 121B255623BF4BA1000EB096 /* ALGCDTimer.m */; };
		1220A0BD245184FA0055A410 /* UITableViewCell+extension.swift in Sources */ = {isa = PBXBuildFile; fileRef = 1220A0BC245184FA0055A410 /* UITableViewCell+extension.swift */; };
		1220A0BF245185090055A410 /* UICollectionViewCell+extension.swift in Sources */ = {isa = PBXBuildFile; fileRef = 1220A0BE245185090055A410 /* UICollectionViewCell+extension.swift */; };
		1220A0C1245186BD0055A410 /* UIStackView+extension.swift in Sources */ = {isa = PBXBuildFile; fileRef = 1220A0C0245186BD0055A410 /* UIStackView+extension.swift */; };
		1220A0C3245186CC0055A410 /* Date + extension.swift in Sources */ = {isa = PBXBuildFile; fileRef = 1220A0C2245186CC0055A410 /* Date + extension.swift */; };
		1220A0C5245186D60055A410 /* UIImage+extension.swift in Sources */ = {isa = PBXBuildFile; fileRef = 1220A0C4245186D60055A410 /* UIImage+extension.swift */; };
		1220A0C72451870A0055A410 /* UIButton+Extension.swift in Sources */ = {isa = PBXBuildFile; fileRef = 1220A0C62451870A0055A410 /* UIButton+Extension.swift */; };
		1220A0C9245187210055A410 /* UIBarButtonItem+extension.swift in Sources */ = {isa = PBXBuildFile; fileRef = 1220A0C8245187210055A410 /* UIBarButtonItem+extension.swift */; };
		1220A0CB245187380055A410 /* NSObject+extension.swift in Sources */ = {isa = PBXBuildFile; fileRef = 1220A0CA245187380055A410 /* NSObject+extension.swift */; };
		1220A0CD245187720055A410 /* UINavigationBar+Extension.swift in Sources */ = {isa = PBXBuildFile; fileRef = 1220A0CC245187720055A410 /* UINavigationBar+Extension.swift */; };
		1220A0D02451A5E00055A410 /* FromBottomAnimator.swift in Sources */ = {isa = PBXBuildFile; fileRef = 1220A0CF2451A5E00055A410 /* FromBottomAnimator.swift */; };
		1220A0D32451A5F00055A410 /* PopAnimation.swift in Sources */ = {isa = PBXBuildFile; fileRef = 1220A0D12451A5F00055A410 /* PopAnimation.swift */; };
		1220A0D42451A5F00055A410 /* WjPresentationCoutroller.swift in Sources */ = {isa = PBXBuildFile; fileRef = 1220A0D22451A5F00055A410 /* WjPresentationCoutroller.swift */; };
		1220A0D82451A66B0055A410 /* Assets.xcassets in Resources */ = {isa = PBXBuildFile; fileRef = 1220A0D72451A66B0055A410 /* Assets.xcassets */; };
		1220A0DA2451A67E0055A410 /* UIPlaceHoderTextView.swift in Sources */ = {isa = PBXBuildFile; fileRef = 1220A0D92451A67E0055A410 /* UIPlaceHoderTextView.swift */; };
		1220A0DC2451A8E10055A410 /* PopVC.swift in Sources */ = {isa = PBXBuildFile; fileRef = 1220A0DB2451A8E10055A410 /* PopVC.swift */; };
		12545D2A23C31E7800499871 /* BannerContentViewController.swift in Sources */ = {isa = PBXBuildFile; fileRef = 12545D2923C31E7800499871 /* BannerContentViewController.swift */; };
		12545D6723C3296900499871 /* UIButton+badge.swift in Sources */ = {isa = PBXBuildFile; fileRef = 12545D4723C3296900499871 /* UIButton+badge.swift */; };
		12545D6823C3296900499871 /* TitleButton.swift in Sources */ = {isa = PBXBuildFile; fileRef = 12545D4823C3296900499871 /* TitleButton.swift */; };
		12545D6923C3296900499871 /* BadgeBarButtonItem.swift in Sources */ = {isa = PBXBuildFile; fileRef = 12545D4923C3296900499871 /* BadgeBarButtonItem.swift */; };
		12545D6A23C3296900499871 /* SearchView.swift in Sources */ = {isa = PBXBuildFile; fileRef = 12545D4B23C3296900499871 /* SearchView.swift */; };
		12545D6B23C3296900499871 /* EdgeLabel.swift in Sources */ = {isa = PBXBuildFile; fileRef = 12545D4D23C3296900499871 /* EdgeLabel.swift */; };
		12545D6C23C3296900499871 /* FloatTitleTextField.swift in Sources */ = {isa = PBXBuildFile; fileRef = 12545D4F23C3296900499871 /* FloatTitleTextField.swift */; };
		12545D6D23C3296900499871 /* CustomSlider.swift in Sources */ = {isa = PBXBuildFile; fileRef = 12545D5123C3296900499871 /* CustomSlider.swift */; };
		12545D6E23C3296900499871 /* ProgressView.swift in Sources */ = {isa = PBXBuildFile; fileRef = 12545D5323C3296900499871 /* ProgressView.swift */; };
		12545D6F23C3296900499871 /* CircleProgressView.swift in Sources */ = {isa = PBXBuildFile; fileRef = 12545D5423C3296900499871 /* CircleProgressView.swift */; };
		12545D7023C3296900499871 /* placeholder@2x.png in Resources */ = {isa = PBXBuildFile; fileRef = 12545D5723C3296900499871 /* placeholder@2x.png */; };
		12545D7123C3296900499871 /* pageControlCurrentDot@2x.png in Resources */ = {isa = PBXBuildFile; fileRef = 12545D5823C3296900499871 /* pageControlCurrentDot@2x.png */; };
		12545D7223C3296900499871 /* pageControlCurrentDot@3x.png in Resources */ = {isa = PBXBuildFile; fileRef = 12545D5923C3296900499871 /* pageControlCurrentDot@3x.png */; };
		12545D7323C3296900499871 /* h5.png in Resources */ = {isa = PBXBuildFile; fileRef = 12545D5A23C3296900499871 /* h5.png */; };
		12545D7523C3296900499871 /* pageControlDot@3x.png in Resources */ = {isa = PBXBuildFile; fileRef = 12545D5C23C3296900499871 /* pageControlDot@3x.png */; };
		12545D7823C3296900499871 /* pageControlDot@2x.png in Resources */ = {isa = PBXBuildFile; fileRef = 12545D5F23C3296900499871 /* pageControlDot@2x.png */; };
		12545D7A23C3296900499871 /* InfiniteScrollView.swift in Sources */ = {isa = PBXBuildFile; fileRef = 12545D6123C3296900499871 /* InfiniteScrollView.swift */; };
		12545D7B23C3296900499871 /* SegmentView.swift in Sources */ = {isa = PBXBuildFile; fileRef = 12545D6323C3296900499871 /* SegmentView.swift */; };
		12545D7C23C3296900499871 /* SelectedView.swift in Sources */ = {isa = PBXBuildFile; fileRef = 12545D6423C3296900499871 /* SelectedView.swift */; };
		12545D7D23C3296900499871 /* SegmentCollectionCell.swift in Sources */ = {isa = PBXBuildFile; fileRef = 12545D6523C3296900499871 /* SegmentCollectionCell.swift */; };
		12545D7E23C3296900499871 /* ContentScrollView.swift in Sources */ = {isa = PBXBuildFile; fileRef = 12545D6623C3296900499871 /* ContentScrollView.swift */; };
		12545D8323C330EC00499871 /* h2.jpg in Resources */ = {isa = PBXBuildFile; fileRef = 12545D7F23C330EC00499871 /* h2.jpg */; };
		12545D8423C330EC00499871 /* h3.jpg in Resources */ = {isa = PBXBuildFile; fileRef = 12545D8023C330EC00499871 /* h3.jpg */; };
		12545D8523C330EC00499871 /* h1.jpg in Resources */ = {isa = PBXBuildFile; fileRef = 12545D8123C330EC00499871 /* h1.jpg */; };
		12545D8623C330EC00499871 /* h4.jpg in Resources */ = {isa = PBXBuildFile; fileRef = 12545D8223C330EC00499871 /* h4.jpg */; };
		12C666F4245000C3004492B5 /* MBProgressHUD.bundle in Resources */ = {isa = PBXBuildFile; fileRef = 12C666F3245000C3004492B5 /* MBProgressHUD.bundle */; };
		12C666F62450125F004492B5 /* CustomMBPhudVC.swift in Sources */ = {isa = PBXBuildFile; fileRef = 12C666F52450125F004492B5 /* CustomMBPhudVC.swift */; };
		1C0760FF21CC81B60004E4EC /* AppStoreReviewManager.swift in Sources */ = {isa = PBXBuildFile; fileRef = 1C0760FE21CC81B60004E4EC /* AppStoreReviewManager.swift */; };
		1C07610221CC87180004E4EC /* Intents.framework in Frameworks */ = {isa = PBXBuildFile; fileRef = 1C07610121CC87180004E4EC /* Intents.framework */; };
		1C07B21B21A791B600D86591 /* AuthorizeTool.swift in Sources */ = {isa = PBXBuildFile; fileRef = 1C07B21A21A791B600D86591 /* AuthorizeTool.swift */; };
		1C07B21E21A791BD00D86591 /* UIAlertController+TextField.swift in Sources */ = {isa = PBXBuildFile; fileRef = 1C07B21C21A791BD00D86591 /* UIAlertController+TextField.swift */; };
		1C07B21F21A791BD00D86591 /* UIView+Extention.swift in Sources */ = {isa = PBXBuildFile; fileRef = 1C07B21D21A791BD00D86591 /* UIView+Extention.swift */; };
		1C07B22621A791D200D86591 /* AuthorizeSettingVC.swift in Sources */ = {isa = PBXBuildFile; fileRef = 1C07B22121A791D200D86591 /* AuthorizeSettingVC.swift */; };
		1C07B22721A791D200D86591 /* ViewController.swift in Sources */ = {isa = PBXBuildFile; fileRef = 1C07B22221A791D200D86591 /* ViewController.swift */; };
		1C07B22821A791D200D86591 /* AuthorizeSettingVC.xib in Resources */ = {isa = PBXBuildFile; fileRef = 1C07B22321A791D200D86591 /* AuthorizeSettingVC.xib */; };
		1C07B22921A791D200D86591 /* SlidersViewController.swift in Sources */ = {isa = PBXBuildFile; fileRef = 1C07B22421A791D200D86591 /* SlidersViewController.swift */; };
		1C07B22A21A791D200D86591 /* DragViewController.swift in Sources */ = {isa = PBXBuildFile; fileRef = 1C07B22521A791D200D86591 /* DragViewController.swift */; };
		1C07B22C21A791F800D86591 /* AppDelegate.swift in Sources */ = {isa = PBXBuildFile; fileRef = 1C07B22B21A791F800D86591 /* AppDelegate.swift */; };
		1C07B22E21A7925900D86591 /* UMTool.swift in Sources */ = {isa = PBXBuildFile; fileRef = 1C07B22D21A7925900D86591 /* UMTool.swift */; };
		1C0E7A6D21ABECFC00E0C22B /* ContentViewController.swift in Sources */ = {isa = PBXBuildFile; fileRef = 1C0E7A6C21ABECFC00E0C22B /* ContentViewController.swift */; };
		1C20E8DB21ACF05D006D6656 /* WJSegmentedControl.swift in Sources */ = {isa = PBXBuildFile; fileRef = 1C20E8DA21ACF05D006D6656 /* WJSegmentedControl.swift */; };
		1C98679921A7CA55009AE3F1 /* libz.tbd in Frameworks */ = {isa = PBXBuildFile; fileRef = 1C98679821A7CA55009AE3F1 /* libz.tbd */; };
		1C98679B21A7CA78009AE3F1 /* libc++.tbd in Frameworks */ = {isa = PBXBuildFile; fileRef = 1C98679A21A7CA78009AE3F1 /* libc++.tbd */; };
		1CC3AE6321A938660004F0C8 /* UIColor+Extension.swift in Sources */ = {isa = PBXBuildFile; fileRef = 1CC3AE6221A938660004F0C8 /* UIColor+Extension.swift */; };
		1CF2EED921AFC4E200149237 /* ShareViewController.swift in Sources */ = {isa = PBXBuildFile; fileRef = 1CF2EED821AFC4E200149237 /* ShareViewController.swift */; };
		7C11DBC3216C5AB20055E5A4 /* FirstVC.xib in Resources */ = {isa = PBXBuildFile; fileRef = 7C11DBBF216C5AB20055E5A4 /* FirstVC.xib */; };
		7C11DBC4216C5AB20055E5A4 /* SecondVC.xib in Resources */ = {isa = PBXBuildFile; fileRef = 7C11DBC0216C5AB20055E5A4 /* SecondVC.xib */; };
		7C11DBC5216C5AB20055E5A4 /* FirstVC.swift in Sources */ = {isa = PBXBuildFile; fileRef = 7C11DBC1216C5AB20055E5A4 /* FirstVC.swift */; };
		7C11DBC6216C5AB20055E5A4 /* SecondVC.swift in Sources */ = {isa = PBXBuildFile; fileRef = 7C11DBC2216C5AB20055E5A4 /* SecondVC.swift */; };
		7CADDE2923B4FCA700873D61 /* MBProgressHUD.swift in Sources */ = {isa = PBXBuildFile; fileRef = 7CADDE2823B4FCA700873D61 /* MBProgressHUD.swift */; };
		7CBD22FF2160CD4E00599509 /* GlobalConst.swift in Sources */ = {isa = PBXBuildFile; fileRef = 7CBD22FE2160CD4D00599509 /* GlobalConst.swift */; };
		7CBFFC1921491C8900A03A65 /* Main.storyboard in Resources */ = {isa = PBXBuildFile; fileRef = 7CBFFC1821491C8900A03A65 /* Main.storyboard */; };
		7CD79E9A1F1359DB0046D461 /* LaunchScreen.storyboard in Resources */ = {isa = PBXBuildFile; fileRef = 7CD79E981F1359DB0046D461 /* LaunchScreen.storyboard */; };
		8DF6E7BF8B8F5A870A373C91 /* Pods_CustomControls.framework in Frameworks */ = {isa = PBXBuildFile; fileRef = 1E940777E0D60E37914945D9 /* Pods_CustomControls.framework */; };
/* End PBXBuildFile section */

/* Begin PBXFileReference section */
		0C0208252D9E8D510E4267A8 /* Pods-CustomControls.release.xcconfig */ = {isa = PBXFileReference; includeInIndex = 1; lastKnownFileType = text.xcconfig; name = "Pods-CustomControls.release.xcconfig"; path = "Pods/Target Support Files/Pods-CustomControls/Pods-CustomControls.release.xcconfig"; sourceTree = "<group>"; };
		120D954225AC04EB00F95416 /* BaseWebVC.bundle */ = {isa = PBXFileReference; lastKnownFileType = "wrapper.plug-in"; path = BaseWebVC.bundle; sourceTree = "<group>"; };
		120D954325AC04EB00F95416 /* BaseWebVC.swift */ = {isa = PBXFileReference; fileEncoding = 4; lastKnownFileType = sourcecode.swift; path = BaseWebVC.swift; sourceTree = "<group>"; };
		120D959525AC479500F95416 /* BaseWebActivity.swift */ = {isa = PBXFileReference; lastKnownFileType = sourcecode.swift; path = BaseWebActivity.swift; sourceTree = "<group>"; };
		120D95A825AC4C4B00F95416 /* BaseWebActivitySafari.swift */ = {isa = PBXFileReference; lastKnownFileType = sourcecode.swift; path = BaseWebActivitySafari.swift; sourceTree = "<group>"; };
		120D95AC25AC4F8C00F95416 /* BaseWebActivitySafari@2x.png */ = {isa = PBXFileReference; lastKnownFileType = image.png; path = "BaseWebActivitySafari@2x.png"; sourceTree = "<group>"; };
		120D95AD25AC4F8C00F95416 /* BaseWebActivitySafari-iPad@2x.png */ = {isa = PBXFileReference; lastKnownFileType = image.png; path = "BaseWebActivitySafari-iPad@2x.png"; sourceTree = "<group>"; };
		120D95AE25AC4F8C00F95416 /* BaseWebActivitySafari-iPad.png */ = {isa = PBXFileReference; lastKnownFileType = image.png; path = "BaseWebActivitySafari-iPad.png"; sourceTree = "<group>"; };
		120D95BE25AC4FE800F95416 /* BaseWebActivityChrome@2x.png */ = {isa = PBXFileReference; lastKnownFileType = image.png; path = "BaseWebActivityChrome@2x.png"; sourceTree = "<group>"; };
		120D95BF25AC4FE800F95416 /* BaseWebActivityChrome-iPad@2x.png */ = {isa = PBXFileReference; lastKnownFileType = image.png; path = "BaseWebActivityChrome-iPad@2x.png"; sourceTree = "<group>"; };
		120D95C025AC4FE800F95416 /* BaseWebActivityChrome-iPad.png */ = {isa = PBXFileReference; lastKnownFileType = image.png; path = "BaseWebActivityChrome-iPad.png"; sourceTree = "<group>"; };
		120D95C525AC4FF300F95416 /* BaseWebActivityChrome.swift */ = {isa = PBXFileReference; lastKnownFileType = sourcecode.swift; path = BaseWebActivityChrome.swift; sourceTree = "<group>"; };
		121B255323BF47FD000EB096 /* GCDTimer.swift */ = {isa = PBXFileReference; lastKnownFileType = sourcecode.swift; path = GCDTimer.swift; sourceTree = "<group>"; };
		121B255523BF4BA1000EB096 /* ALGCDTimer.h */ = {isa = PBXFileReference; fileEncoding = 4; lastKnownFileType = sourcecode.c.h; path = ALGCDTimer.h; sourceTree = "<group>"; };
		121B255623BF4BA1000EB096 /* ALGCDTimer.m */ = {isa = PBXFileReference; fileEncoding = 4; lastKnownFileType = sourcecode.c.objc; path = ALGCDTimer.m; sourceTree = "<group>"; };
		1220A0BC245184FA0055A410 /* UITableViewCell+extension.swift */ = {isa = PBXFileReference; fileEncoding = 4; lastKnownFileType = sourcecode.swift; path = "UITableViewCell+extension.swift"; sourceTree = "<group>"; };
		1220A0BE245185090055A410 /* UICollectionViewCell+extension.swift */ = {isa = PBXFileReference; fileEncoding = 4; lastKnownFileType = sourcecode.swift; path = "UICollectionViewCell+extension.swift"; sourceTree = "<group>"; };
		1220A0C0245186BD0055A410 /* UIStackView+extension.swift */ = {isa = PBXFileReference; fileEncoding = 4; lastKnownFileType = sourcecode.swift; path = "UIStackView+extension.swift"; sourceTree = "<group>"; };
		1220A0C2245186CC0055A410 /* Date + extension.swift */ = {isa = PBXFileReference; fileEncoding = 4; lastKnownFileType = sourcecode.swift; path = "Date + extension.swift"; sourceTree = "<group>"; };
		1220A0C4245186D60055A410 /* UIImage+extension.swift */ = {isa = PBXFileReference; fileEncoding = 4; lastKnownFileType = sourcecode.swift; path = "UIImage+extension.swift"; sourceTree = "<group>"; };
		1220A0C62451870A0055A410 /* UIButton+Extension.swift */ = {isa = PBXFileReference; fileEncoding = 4; lastKnownFileType = sourcecode.swift; path = "UIButton+Extension.swift"; sourceTree = "<group>"; };
		1220A0C8245187210055A410 /* UIBarButtonItem+extension.swift */ = {isa = PBXFileReference; fileEncoding = 4; lastKnownFileType = sourcecode.swift; path = "UIBarButtonItem+extension.swift"; sourceTree = "<group>"; };
		1220A0CA245187380055A410 /* NSObject+extension.swift */ = {isa = PBXFileReference; fileEncoding = 4; lastKnownFileType = sourcecode.swift; path = "NSObject+extension.swift"; sourceTree = "<group>"; };
		1220A0CC245187720055A410 /* UINavigationBar+Extension.swift */ = {isa = PBXFileReference; fileEncoding = 4; lastKnownFileType = sourcecode.swift; path = "UINavigationBar+Extension.swift"; sourceTree = "<group>"; };
		1220A0CF2451A5E00055A410 /* FromBottomAnimator.swift */ = {isa = PBXFileReference; fileEncoding = 4; lastKnownFileType = sourcecode.swift; path = FromBottomAnimator.swift; sourceTree = "<group>"; };
		1220A0D12451A5F00055A410 /* PopAnimation.swift */ = {isa = PBXFileReference; fileEncoding = 4; lastKnownFileType = sourcecode.swift; path = PopAnimation.swift; sourceTree = "<group>"; };
		1220A0D22451A5F00055A410 /* WjPresentationCoutroller.swift */ = {isa = PBXFileReference; fileEncoding = 4; lastKnownFileType = sourcecode.swift; path = WjPresentationCoutroller.swift; sourceTree = "<group>"; };
		1220A0D72451A66B0055A410 /* Assets.xcassets */ = {isa = PBXFileReference; lastKnownFileType = folder.assetcatalog; path = Assets.xcassets; sourceTree = "<group>"; };
		1220A0D92451A67E0055A410 /* UIPlaceHoderTextView.swift */ = {isa = PBXFileReference; fileEncoding = 4; lastKnownFileType = sourcecode.swift; path = UIPlaceHoderTextView.swift; sourceTree = "<group>"; };
		1220A0DB2451A8E10055A410 /* PopVC.swift */ = {isa = PBXFileReference; fileEncoding = 4; lastKnownFileType = sourcecode.swift; path = PopVC.swift; sourceTree = "<group>"; };
		12545D2923C31E7800499871 /* BannerContentViewController.swift */ = {isa = PBXFileReference; lastKnownFileType = sourcecode.swift; path = BannerContentViewController.swift; sourceTree = "<group>"; };
		12545D4723C3296900499871 /* UIButton+badge.swift */ = {isa = PBXFileReference; fileEncoding = 4; lastKnownFileType = sourcecode.swift; path = "UIButton+badge.swift"; sourceTree = "<group>"; };
		12545D4823C3296900499871 /* TitleButton.swift */ = {isa = PBXFileReference; fileEncoding = 4; lastKnownFileType = sourcecode.swift; path = TitleButton.swift; sourceTree = "<group>"; };
		12545D4923C3296900499871 /* BadgeBarButtonItem.swift */ = {isa = PBXFileReference; fileEncoding = 4; lastKnownFileType = sourcecode.swift; path = BadgeBarButtonItem.swift; sourceTree = "<group>"; };
		12545D4B23C3296900499871 /* SearchView.swift */ = {isa = PBXFileReference; fileEncoding = 4; lastKnownFileType = sourcecode.swift; path = SearchView.swift; sourceTree = "<group>"; };
		12545D4D23C3296900499871 /* EdgeLabel.swift */ = {isa = PBXFileReference; fileEncoding = 4; lastKnownFileType = sourcecode.swift; path = EdgeLabel.swift; sourceTree = "<group>"; };
		12545D4F23C3296900499871 /* FloatTitleTextField.swift */ = {isa = PBXFileReference; fileEncoding = 4; lastKnownFileType = sourcecode.swift; path = FloatTitleTextField.swift; sourceTree = "<group>"; };
		12545D5123C3296900499871 /* CustomSlider.swift */ = {isa = PBXFileReference; fileEncoding = 4; lastKnownFileType = sourcecode.swift; path = CustomSlider.swift; sourceTree = "<group>"; };
		12545D5323C3296900499871 /* ProgressView.swift */ = {isa = PBXFileReference; fileEncoding = 4; lastKnownFileType = sourcecode.swift; path = ProgressView.swift; sourceTree = "<group>"; };
		12545D5423C3296900499871 /* CircleProgressView.swift */ = {isa = PBXFileReference; fileEncoding = 4; lastKnownFileType = sourcecode.swift; path = CircleProgressView.swift; sourceTree = "<group>"; };
		12545D5723C3296900499871 /* placeholder@2x.png */ = {isa = PBXFileReference; lastKnownFileType = image.png; path = "placeholder@2x.png"; sourceTree = "<group>"; };
		12545D5823C3296900499871 /* pageControlCurrentDot@2x.png */ = {isa = PBXFileReference; lastKnownFileType = image.png; path = "pageControlCurrentDot@2x.png"; sourceTree = "<group>"; };
		12545D5923C3296900499871 /* pageControlCurrentDot@3x.png */ = {isa = PBXFileReference; lastKnownFileType = image.png; path = "pageControlCurrentDot@3x.png"; sourceTree = "<group>"; };
		12545D5A23C3296900499871 /* h5.png */ = {isa = PBXFileReference; lastKnownFileType = image.png; path = h5.png; sourceTree = "<group>"; };
		12545D5C23C3296900499871 /* pageControlDot@3x.png */ = {isa = PBXFileReference; lastKnownFileType = image.png; path = "pageControlDot@3x.png"; sourceTree = "<group>"; };
		12545D5F23C3296900499871 /* pageControlDot@2x.png */ = {isa = PBXFileReference; lastKnownFileType = image.png; path = "pageControlDot@2x.png"; sourceTree = "<group>"; };
		12545D6123C3296900499871 /* InfiniteScrollView.swift */ = {isa = PBXFileReference; fileEncoding = 4; lastKnownFileType = sourcecode.swift; path = InfiniteScrollView.swift; sourceTree = "<group>"; };
		12545D6323C3296900499871 /* SegmentView.swift */ = {isa = PBXFileReference; fileEncoding = 4; lastKnownFileType = sourcecode.swift; path = SegmentView.swift; sourceTree = "<group>"; };
		12545D6423C3296900499871 /* SelectedView.swift */ = {isa = PBXFileReference; fileEncoding = 4; lastKnownFileType = sourcecode.swift; path = SelectedView.swift; sourceTree = "<group>"; };
		12545D6523C3296900499871 /* SegmentCollectionCell.swift */ = {isa = PBXFileReference; fileEncoding = 4; lastKnownFileType = sourcecode.swift; path = SegmentCollectionCell.swift; sourceTree = "<group>"; };
		12545D6623C3296900499871 /* ContentScrollView.swift */ = {isa = PBXFileReference; fileEncoding = 4; lastKnownFileType = sourcecode.swift; path = ContentScrollView.swift; sourceTree = "<group>"; };
		12545D7F23C330EC00499871 /* h2.jpg */ = {isa = PBXFileReference; lastKnownFileType = image.jpeg; path = h2.jpg; sourceTree = "<group>"; };
		12545D8023C330EC00499871 /* h3.jpg */ = {isa = PBXFileReference; lastKnownFileType = image.jpeg; path = h3.jpg; sourceTree = "<group>"; };
		12545D8123C330EC00499871 /* h1.jpg */ = {isa = PBXFileReference; lastKnownFileType = image.jpeg; path = h1.jpg; sourceTree = "<group>"; };
		12545D8223C330EC00499871 /* h4.jpg */ = {isa = PBXFileReference; lastKnownFileType = image.jpeg; path = h4.jpg; sourceTree = "<group>"; };
		12C666F3245000C3004492B5 /* MBProgressHUD.bundle */ = {isa = PBXFileReference; lastKnownFileType = "wrapper.plug-in"; path = MBProgressHUD.bundle; sourceTree = "<group>"; };
		12C666F52450125F004492B5 /* CustomMBPhudVC.swift */ = {isa = PBXFileReference; lastKnownFileType = sourcecode.swift; path = CustomMBPhudVC.swift; sourceTree = "<group>"; };
		1C01F0AE21A67E29001C2ECD /* Bridging-Header.h */ = {isa = PBXFileReference; lastKnownFileType = sourcecode.c.h; path = "Bridging-Header.h"; sourceTree = "<group>"; };
		1C0760FE21CC81B60004E4EC /* AppStoreReviewManager.swift */ = {isa = PBXFileReference; lastKnownFileType = sourcecode.swift; path = AppStoreReviewManager.swift; sourceTree = "<group>"; };
		1C07610021CC86BB0004E4EC /* CustomControls.entitlements */ = {isa = PBXFileReference; lastKnownFileType = text.plist.entitlements; path = CustomControls.entitlements; sourceTree = "<group>"; };
		1C07610121CC87180004E4EC /* Intents.framework */ = {isa = PBXFileReference; lastKnownFileType = wrapper.framework; name = Intents.framework; path = System/Library/Frameworks/Intents.framework; sourceTree = SDKROOT; };
		1C07B21A21A791B600D86591 /* AuthorizeTool.swift */ = {isa = PBXFileReference; fileEncoding = 4; lastKnownFileType = sourcecode.swift; path = AuthorizeTool.swift; sourceTree = "<group>"; };
		1C07B21C21A791BD00D86591 /* UIAlertController+TextField.swift */ = {isa = PBXFileReference; fileEncoding = 4; lastKnownFileType = sourcecode.swift; path = "UIAlertController+TextField.swift"; sourceTree = "<group>"; };
		1C07B21D21A791BD00D86591 /* UIView+Extention.swift */ = {isa = PBXFileReference; fileEncoding = 4; lastKnownFileType = sourcecode.swift; path = "UIView+Extention.swift"; sourceTree = "<group>"; };
		1C07B22121A791D200D86591 /* AuthorizeSettingVC.swift */ = {isa = PBXFileReference; fileEncoding = 4; lastKnownFileType = sourcecode.swift; path = AuthorizeSettingVC.swift; sourceTree = "<group>"; };
		1C07B22221A791D200D86591 /* ViewController.swift */ = {isa = PBXFileReference; fileEncoding = 4; lastKnownFileType = sourcecode.swift; path = ViewController.swift; sourceTree = "<group>"; };
		1C07B22321A791D200D86591 /* AuthorizeSettingVC.xib */ = {isa = PBXFileReference; fileEncoding = 4; lastKnownFileType = file.xib; path = AuthorizeSettingVC.xib; sourceTree = "<group>"; };
		1C07B22421A791D200D86591 /* SlidersViewController.swift */ = {isa = PBXFileReference; fileEncoding = 4; lastKnownFileType = sourcecode.swift; path = SlidersViewController.swift; sourceTree = "<group>"; };
		1C07B22521A791D200D86591 /* DragViewController.swift */ = {isa = PBXFileReference; fileEncoding = 4; lastKnownFileType = sourcecode.swift; path = DragViewController.swift; sourceTree = "<group>"; };
		1C07B22B21A791F800D86591 /* AppDelegate.swift */ = {isa = PBXFileReference; fileEncoding = 4; lastKnownFileType = sourcecode.swift; path = AppDelegate.swift; sourceTree = "<group>"; };
		1C07B22D21A7925900D86591 /* UMTool.swift */ = {isa = PBXFileReference; lastKnownFileType = sourcecode.swift; path = UMTool.swift; sourceTree = "<group>"; };
		1C0E7A6C21ABECFC00E0C22B /* ContentViewController.swift */ = {isa = PBXFileReference; lastKnownFileType = sourcecode.swift; path = ContentViewController.swift; sourceTree = "<group>"; };
		1C20E8DA21ACF05D006D6656 /* WJSegmentedControl.swift */ = {isa = PBXFileReference; lastKnownFileType = sourcecode.swift; path = WJSegmentedControl.swift; sourceTree = "<group>"; };
		1C98679821A7CA55009AE3F1 /* libz.tbd */ = {isa = PBXFileReference; lastKnownFileType = "sourcecode.text-based-dylib-definition"; name = libz.tbd; path = usr/lib/libz.tbd; sourceTree = SDKROOT; };
		1C98679A21A7CA78009AE3F1 /* libc++.tbd */ = {isa = PBXFileReference; lastKnownFileType = "sourcecode.text-based-dylib-definition"; name = "libc++.tbd"; path = "usr/lib/libc++.tbd"; sourceTree = SDKROOT; };
		1CC3AE6221A938660004F0C8 /* UIColor+Extension.swift */ = {isa = PBXFileReference; lastKnownFileType = sourcecode.swift; path = "UIColor+Extension.swift"; sourceTree = "<group>"; };
		1CF2EED821AFC4E200149237 /* ShareViewController.swift */ = {isa = PBXFileReference; fileEncoding = 4; lastKnownFileType = sourcecode.swift; path = ShareViewController.swift; sourceTree = "<group>"; };
		1E940777E0D60E37914945D9 /* Pods_CustomControls.framework */ = {isa = PBXFileReference; explicitFileType = wrapper.framework; includeInIndex = 0; path = Pods_CustomControls.framework; sourceTree = BUILT_PRODUCTS_DIR; };
		7C11DBBF216C5AB20055E5A4 /* FirstVC.xib */ = {isa = PBXFileReference; fileEncoding = 4; lastKnownFileType = file.xib; path = FirstVC.xib; sourceTree = "<group>"; };
		7C11DBC0216C5AB20055E5A4 /* SecondVC.xib */ = {isa = PBXFileReference; fileEncoding = 4; lastKnownFileType = file.xib; path = SecondVC.xib; sourceTree = "<group>"; };
		7C11DBC1216C5AB20055E5A4 /* FirstVC.swift */ = {isa = PBXFileReference; fileEncoding = 4; lastKnownFileType = sourcecode.swift; path = FirstVC.swift; sourceTree = "<group>"; };
		7C11DBC2216C5AB20055E5A4 /* SecondVC.swift */ = {isa = PBXFileReference; fileEncoding = 4; lastKnownFileType = sourcecode.swift; path = SecondVC.swift; sourceTree = "<group>"; };
		7CADDE2823B4FCA700873D61 /* MBProgressHUD.swift */ = {isa = PBXFileReference; fileEncoding = 4; lastKnownFileType = sourcecode.swift; path = MBProgressHUD.swift; sourceTree = "<group>"; };
		7CBD22FE2160CD4D00599509 /* GlobalConst.swift */ = {isa = PBXFileReference; fileEncoding = 4; lastKnownFileType = sourcecode.swift; path = GlobalConst.swift; sourceTree = "<group>"; };
		7CBFFC1821491C8900A03A65 /* Main.storyboard */ = {isa = PBXFileReference; fileEncoding = 4; lastKnownFileType = file.storyboard; path = Main.storyboard; sourceTree = "<group>"; };
		7CD79E8C1F1359DB0046D461 /* CustomControls.app */ = {isa = PBXFileReference; explicitFileType = wrapper.application; includeInIndex = 0; path = CustomControls.app; sourceTree = BUILT_PRODUCTS_DIR; };
		7CD79E991F1359DB0046D461 /* Base */ = {isa = PBXFileReference; lastKnownFileType = file.storyboard; name = Base; path = Base.lproj/LaunchScreen.storyboard; sourceTree = "<group>"; };
		7CD79E9B1F1359DB0046D461 /* Info.plist */ = {isa = PBXFileReference; lastKnownFileType = text.plist.xml; path = Info.plist; sourceTree = "<group>"; };
		F5C418FB5504E47DCA1D7BA5 /* Pods-CustomControls.debug.xcconfig */ = {isa = PBXFileReference; includeInIndex = 1; lastKnownFileType = text.xcconfig; name = "Pods-CustomControls.debug.xcconfig"; path = "Pods/Target Support Files/Pods-CustomControls/Pods-CustomControls.debug.xcconfig"; sourceTree = "<group>"; };
/* End PBXFileReference section */

/* Begin PBXFrameworksBuildPhase section */
		7CD79E891F1359DB0046D461 /* Frameworks */ = {
			isa = PBXFrameworksBuildPhase;
			buildActionMask = 2147483647;
			files = (
				1C07610221CC87180004E4EC /* Intents.framework in Frameworks */,
				1C98679B21A7CA78009AE3F1 /* libc++.tbd in Frameworks */,
				1C98679921A7CA55009AE3F1 /* libz.tbd in Frameworks */,
				8DF6E7BF8B8F5A870A373C91 /* Pods_CustomControls.framework in Frameworks */,
			);
			runOnlyForDeploymentPostprocessing = 0;
		};
/* End PBXFrameworksBuildPhase section */

/* Begin PBXGroup section */
		120D954125AC04EB00F95416 /* BaseWebView */ = {
			isa = PBXGroup;
			children = (
				120D959425AC475D00F95416 /* UIActivities */,
				120D954225AC04EB00F95416 /* BaseWebVC.bundle */,
				120D954325AC04EB00F95416 /* BaseWebVC.swift */,
			);
			path = BaseWebView;
			sourceTree = "<group>";
		};
		120D959425AC475D00F95416 /* UIActivities */ = {
			isa = PBXGroup;
			children = (
				120D959525AC479500F95416 /* BaseWebActivity.swift */,
				120D95B325AC4F9D00F95416 /* Chrome */,
				120D959925AC4B7E00F95416 /* Safari */,
			);
			path = UIActivities;
			sourceTree = "<group>";
		};
		120D959925AC4B7E00F95416 /* Safari */ = {
			isa = PBXGroup;
			children = (
				120D95AE25AC4F8C00F95416 /* BaseWebActivitySafari-iPad.png */,
				120D95AD25AC4F8C00F95416 /* BaseWebActivitySafari-iPad@2x.png */,
				120D95AC25AC4F8C00F95416 /* BaseWebActivitySafari@2x.png */,
				120D95A825AC4C4B00F95416 /* BaseWebActivitySafari.swift */,
			);
			path = Safari;
			sourceTree = "<group>";
		};
		120D95B325AC4F9D00F95416 /* Chrome */ = {
			isa = PBXGroup;
			children = (
				120D95C025AC4FE800F95416 /* BaseWebActivityChrome-iPad.png */,
				120D95BF25AC4FE800F95416 /* BaseWebActivityChrome-iPad@2x.png */,
				120D95BE25AC4FE800F95416 /* BaseWebActivityChrome@2x.png */,
				120D95C525AC4FF300F95416 /* BaseWebActivityChrome.swift */,
			);
			path = Chrome;
			sourceTree = "<group>";
		};
		1220A0CE2451A5E00055A410 /* Animators */ = {
			isa = PBXGroup;
			children = (
				1220A0D12451A5F00055A410 /* PopAnimation.swift */,
				1220A0D22451A5F00055A410 /* WjPresentationCoutroller.swift */,
				1220A0CF2451A5E00055A410 /* FromBottomAnimator.swift */,
			);
			path = Animators;
			sourceTree = "<group>";
		};
		12545D4523C3296900499871 /* customWidgets */ = {
			isa = PBXGroup;
			children = (
				120D954125AC04EB00F95416 /* BaseWebView */,
				1220A0D92451A67E0055A410 /* UIPlaceHoderTextView.swift */,
				12545D4623C3296900499871 /* Buttons */,
				12545D4A23C3296900499871 /* SearchViews */,
				12545D4C23C3296900499871 /* Labels */,
				12545D4E23C3296900499871 /* TextField */,
				12545D5023C3296900499871 /* Slider */,
				12545D5223C3296900499871 /* ProgressViews */,
				12545D5523C3296900499871 /* BannerView */,
				12545D6223C3296900499871 /* SegmentView */,
			);
			path = customWidgets;
			sourceTree = "<group>";
		};
		12545D4623C3296900499871 /* Buttons */ = {
			isa = PBXGroup;
			children = (
				12545D4723C3296900499871 /* UIButton+badge.swift */,
				12545D4823C3296900499871 /* TitleButton.swift */,
				12545D4923C3296900499871 /* BadgeBarButtonItem.swift */,
			);
			path = Buttons;
			sourceTree = "<group>";
		};
		12545D4A23C3296900499871 /* SearchViews */ = {
			isa = PBXGroup;
			children = (
				12545D4B23C3296900499871 /* SearchView.swift */,
			);
			path = SearchViews;
			sourceTree = "<group>";
		};
		12545D4C23C3296900499871 /* Labels */ = {
			isa = PBXGroup;
			children = (
				12545D4D23C3296900499871 /* EdgeLabel.swift */,
			);
			path = Labels;
			sourceTree = "<group>";
		};
		12545D4E23C3296900499871 /* TextField */ = {
			isa = PBXGroup;
			children = (
				12545D4F23C3296900499871 /* FloatTitleTextField.swift */,
			);
			path = TextField;
			sourceTree = "<group>";
		};
		12545D5023C3296900499871 /* Slider */ = {
			isa = PBXGroup;
			children = (
				12545D5123C3296900499871 /* CustomSlider.swift */,
			);
			path = Slider;
			sourceTree = "<group>";
		};
		12545D5223C3296900499871 /* ProgressViews */ = {
			isa = PBXGroup;
			children = (
				12545D5323C3296900499871 /* ProgressView.swift */,
				12545D5423C3296900499871 /* CircleProgressView.swift */,
			);
			path = ProgressViews;
			sourceTree = "<group>";
		};
		12545D5523C3296900499871 /* BannerView */ = {
			isa = PBXGroup;
			children = (
				12545D5623C3296900499871 /* images */,
				12545D6123C3296900499871 /* InfiniteScrollView.swift */,
			);
			path = BannerView;
			sourceTree = "<group>";
		};
		12545D5623C3296900499871 /* images */ = {
			isa = PBXGroup;
			children = (
				12545D8123C330EC00499871 /* h1.jpg */,
				12545D7F23C330EC00499871 /* h2.jpg */,
				12545D8023C330EC00499871 /* h3.jpg */,
				12545D8223C330EC00499871 /* h4.jpg */,
				12545D5A23C3296900499871 /* h5.png */,
				12545D5823C3296900499871 /* pageControlCurrentDot@2x.png */,
				12545D5923C3296900499871 /* pageControlCurrentDot@3x.png */,
				12545D5F23C3296900499871 /* pageControlDot@2x.png */,
				12545D5C23C3296900499871 /* pageControlDot@3x.png */,
				12545D5723C3296900499871 /* placeholder@2x.png */,
			);
			path = images;
			sourceTree = "<group>";
		};
		12545D6223C3296900499871 /* SegmentView */ = {
			isa = PBXGroup;
			children = (
				12545D6323C3296900499871 /* SegmentView.swift */,
				12545D6423C3296900499871 /* SelectedView.swift */,
				12545D6523C3296900499871 /* SegmentCollectionCell.swift */,
				12545D6623C3296900499871 /* ContentScrollView.swift */,
			);
			path = SegmentView;
			sourceTree = "<group>";
		};
		1C07B21821A790F600D86591 /* Tools */ = {
			isa = PBXGroup;
			children = (
				1220A0CE2451A5E00055A410 /* Animators */,
				1C07B21921A790F600D86591 /* Extension */,
				121B255523BF4BA1000EB096 /* ALGCDTimer.h */,
				121B255623BF4BA1000EB096 /* ALGCDTimer.m */,
				1C07B21A21A791B600D86591 /* AuthorizeTool.swift */,
				121B255323BF47FD000EB096 /* GCDTimer.swift */,
				1C07B22D21A7925900D86591 /* UMTool.swift */,
			);
			path = Tools;
			sourceTree = "<group>";
		};
		1C07B21921A790F600D86591 /* Extension */ = {
			isa = PBXGroup;
			children = (
				7CADDE2623B4FCA700873D61 /* CusMBProgressHUD */,
				1220A0C2245186CC0055A410 /* Date + extension.swift */,
				1220A0CA245187380055A410 /* NSObject+extension.swift */,
				1C07B21C21A791BD00D86591 /* UIAlertController+TextField.swift */,
				1220A0C8245187210055A410 /* UIBarButtonItem+extension.swift */,
				1220A0C62451870A0055A410 /* UIButton+Extension.swift */,
				1220A0BE245185090055A410 /* UICollectionViewCell+extension.swift */,
				1CC3AE6221A938660004F0C8 /* UIColor+Extension.swift */,
				1220A0C4245186D60055A410 /* UIImage+extension.swift */,
				1220A0CC245187720055A410 /* UINavigationBar+Extension.swift */,
				1220A0C0245186BD0055A410 /* UIStackView+extension.swift */,
				1220A0BC245184FA0055A410 /* UITableViewCell+extension.swift */,
				1C07B21D21A791BD00D86591 /* UIView+Extention.swift */,
			);
			path = Extension;
			sourceTree = "<group>";
		};
		1C07B22021A791D200D86591 /* ViewControllers */ = {
			isa = PBXGroup;
			children = (
				1C0760FE21CC81B60004E4EC /* AppStoreReviewManager.swift */,
				1C07B22121A791D200D86591 /* AuthorizeSettingVC.swift */,
				1C07B22321A791D200D86591 /* AuthorizeSettingVC.xib */,
				1C0E7A6C21ABECFC00E0C22B /* ContentViewController.swift */,
				1C07B22521A791D200D86591 /* DragViewController.swift */,
				1CF2EED821AFC4E200149237 /* ShareViewController.swift */,
				1220A0DB2451A8E10055A410 /* PopVC.swift */,
				1C07B22421A791D200D86591 /* SlidersViewController.swift */,
				1C07B22221A791D200D86591 /* ViewController.swift */,
				12545D2923C31E7800499871 /* BannerContentViewController.swift */,
				12C666F52450125F004492B5 /* CustomMBPhudVC.swift */,
			);
			path = ViewControllers;
			sourceTree = "<group>";
		};
		5D76EC214EEB8E05F53BC748 /* Pods */ = {
			isa = PBXGroup;
			children = (
				F5C418FB5504E47DCA1D7BA5 /* Pods-CustomControls.debug.xcconfig */,
				0C0208252D9E8D510E4267A8 /* Pods-CustomControls.release.xcconfig */,
			);
			name = Pods;
			sourceTree = "<group>";
		};
		7C11DBBE216C5A6A0055E5A4 /* Codable */ = {
			isa = PBXGroup;
			children = (
				7C11DBC1216C5AB20055E5A4 /* FirstVC.swift */,
				7C11DBBF216C5AB20055E5A4 /* FirstVC.xib */,
				7C11DBC2216C5AB20055E5A4 /* SecondVC.swift */,
				7C11DBC0216C5AB20055E5A4 /* SecondVC.xib */,
			);
			path = Codable;
			sourceTree = "<group>";
		};
		7C522F512154E232009A8261 /* Others */ = {
			isa = PBXGroup;
			children = (
				1C07B22B21A791F800D86591 /* AppDelegate.swift */,
			);
			path = Others;
			sourceTree = "<group>";
		};
		7CADDE2623B4FCA700873D61 /* CusMBProgressHUD */ = {
			isa = PBXGroup;
			children = (
				12C666F3245000C3004492B5 /* MBProgressHUD.bundle */,
				7CADDE2823B4FCA700873D61 /* MBProgressHUD.swift */,
			);
			path = CusMBProgressHUD;
			sourceTree = "<group>";
		};
		7CD79E831F1359DA0046D461 = {
			isa = PBXGroup;
			children = (
				7CD79E8E1F1359DB0046D461 /* CustomControls */,
				7CD79E8D1F1359DB0046D461 /* Products */,
				5D76EC214EEB8E05F53BC748 /* Pods */,
				CBFC851D7F0204EF57EBEB1E /* Frameworks */,
			);
			sourceTree = "<group>";
		};
		7CD79E8D1F1359DB0046D461 /* Products */ = {
			isa = PBXGroup;
			children = (
				7CD79E8C1F1359DB0046D461 /* CustomControls.app */,
			);
			name = Products;
			sourceTree = "<group>";
		};
		7CD79E8E1F1359DB0046D461 /* CustomControls */ = {
			isa = PBXGroup;
			children = (
				1C07610021CC86BB0004E4EC /* CustomControls.entitlements */,
				1C07B22021A791D200D86591 /* ViewControllers */,
				12545D4523C3296900499871 /* customWidgets */,
				7C522F512154E232009A8261 /* Others */,
				7C11DBBE216C5A6A0055E5A4 /* Codable */,
				1C07B21821A790F600D86591 /* Tools */,
				7CD79E9B1F1359DB0046D461 /* Info.plist */,
				1C20E8DA21ACF05D006D6656 /* WJSegmentedControl.swift */,
				7CBFFC1821491C8900A03A65 /* Main.storyboard */,
				1C01F0AE21A67E29001C2ECD /* Bridging-Header.h */,
				1220A0D72451A66B0055A410 /* Assets.xcassets */,
				7CBD22FE2160CD4D00599509 /* GlobalConst.swift */,
				7CD79E981F1359DB0046D461 /* LaunchScreen.storyboard */,
			);
			path = CustomControls;
			sourceTree = "<group>";
		};
		CBFC851D7F0204EF57EBEB1E /* Frameworks */ = {
			isa = PBXGroup;
			children = (
				1C07610121CC87180004E4EC /* Intents.framework */,
				1C98679A21A7CA78009AE3F1 /* libc++.tbd */,
				1C98679821A7CA55009AE3F1 /* libz.tbd */,
				1E940777E0D60E37914945D9 /* Pods_CustomControls.framework */,
			);
			name = Frameworks;
			sourceTree = "<group>";
		};
/* End PBXGroup section */

/* Begin PBXNativeTarget section */
		7CD79E8B1F1359DB0046D461 /* CustomControls */ = {
			isa = PBXNativeTarget;
			buildConfigurationList = 7CD79E9E1F1359DB0046D461 /* Build configuration list for PBXNativeTarget "CustomControls" */;
			buildPhases = (
				218B8D434F74039E4135ED39 /* [CP] Check Pods Manifest.lock */,
				7CD79E881F1359DB0046D461 /* Sources */,
				7CD79E891F1359DB0046D461 /* Frameworks */,
				7CD79E8A1F1359DB0046D461 /* Resources */,
				6E50FEA16AAF83EF364528A6 /* [CP] Copy Pods Resources */,
				B75B4A430C8FF7AE322991D1 /* [CP] Embed Pods Frameworks */,
			);
			buildRules = (
			);
			dependencies = (
			);
			name = CustomControls;
			productName = CustomControls;
			productReference = 7CD79E8C1F1359DB0046D461 /* CustomControls.app */;
			productType = "com.apple.product-type.application";
		};
/* End PBXNativeTarget section */

/* Begin PBXProject section */
		7CD79E841F1359DA0046D461 /* Project object */ = {
			isa = PBXProject;
			attributes = {
				LastSwiftUpdateCheck = 0830;
				LastUpgradeCheck = 1130;
				ORGANIZATIONNAME = WJQ;
				TargetAttributes = {
					7CD79E8B1F1359DB0046D461 = {
						CreatedOnToolsVersion = 8.3.3;
						DevelopmentTeam = HTLUXJY7R8;
						LastSwiftMigration = 1000;
						ProvisioningStyle = Automatic;
						SystemCapabilities = {
							com.apple.Siri = {
								enabled = 1;
							};
						};
					};
				};
			};
			buildConfigurationList = 7CD79E871F1359DA0046D461 /* Build configuration list for PBXProject "CustomControls" */;
			compatibilityVersion = "Xcode 3.2";
			developmentRegion = en;
			hasScannedForEncodings = 0;
			knownRegions = (
				en,
				Base,
			);
			mainGroup = 7CD79E831F1359DA0046D461;
			productRefGroup = 7CD79E8D1F1359DB0046D461 /* Products */;
			projectDirPath = "";
			projectRoot = "";
			targets = (
				7CD79E8B1F1359DB0046D461 /* CustomControls */,
			);
		};
/* End PBXProject section */

/* Begin PBXResourcesBuildPhase section */
		7CD79E8A1F1359DB0046D461 /* Resources */ = {
			isa = PBXResourcesBuildPhase;
			buildActionMask = 2147483647;
			files = (
				12545D7523C3296900499871 /* pageControlDot@3x.png in Resources */,
				120D95C125AC4FE800F95416 /* BaseWebActivityChrome@2x.png in Resources */,
				120D95AF25AC4F8C00F95416 /* BaseWebActivitySafari@2x.png in Resources */,
				7C11DBC4216C5AB20055E5A4 /* SecondVC.xib in Resources */,
				7CBFFC1921491C8900A03A65 /* Main.storyboard in Resources */,
				12C666F4245000C3004492B5 /* MBProgressHUD.bundle in Resources */,
				7C11DBC3216C5AB20055E5A4 /* FirstVC.xib in Resources */,
				12545D7223C3296900499871 /* pageControlCurrentDot@3x.png in Resources */,
				1220A0D82451A66B0055A410 /* Assets.xcassets in Resources */,
				12545D7023C3296900499871 /* placeholder@2x.png in Resources */,
				120D954425AC04EB00F95416 /* BaseWebVC.bundle in Resources */,
				1C07B22821A791D200D86591 /* AuthorizeSettingVC.xib in Resources */,
				12545D7323C3296900499871 /* h5.png in Resources */,
				12545D7123C3296900499871 /* pageControlCurrentDot@2x.png in Resources */,
				12545D7823C3296900499871 /* pageControlDot@2x.png in Resources */,
				120D95C225AC4FE800F95416 /* BaseWebActivityChrome-iPad@2x.png in Resources */,
				120D95C325AC4FE800F95416 /* BaseWebActivityChrome-iPad.png in Resources */,
				120D95B125AC4F8C00F95416 /* BaseWebActivitySafari-iPad.png in Resources */,
				12545D8623C330EC00499871 /* h4.jpg in Resources */,
				120D95B025AC4F8C00F95416 /* BaseWebActivitySafari-iPad@2x.png in Resources */,
				12545D8323C330EC00499871 /* h2.jpg in Resources */,
				12545D8523C330EC00499871 /* h1.jpg in Resources */,
				7CD79E9A1F1359DB0046D461 /* LaunchScreen.storyboard in Resources */,
				12545D8423C330EC00499871 /* h3.jpg in Resources */,
			);
			runOnlyForDeploymentPostprocessing = 0;
		};
/* End PBXResourcesBuildPhase section */

/* Begin PBXShellScriptBuildPhase section */
		218B8D434F74039E4135ED39 /* [CP] Check Pods Manifest.lock */ = {
			isa = PBXShellScriptBuildPhase;
			buildActionMask = 2147483647;
			files = (
			);
			inputFileListPaths = (
			);
			inputPaths = (
				"${PODS_PODFILE_DIR_PATH}/Podfile.lock",
				"${PODS_ROOT}/Manifest.lock",
			);
			name = "[CP] Check Pods Manifest.lock";
			outputFileListPaths = (
			);
			outputPaths = (
				"$(DERIVED_FILE_DIR)/Pods-CustomControls-checkManifestLockResult.txt",
			);
			runOnlyForDeploymentPostprocessing = 0;
			shellPath = /bin/sh;
			shellScript = "diff \"${PODS_PODFILE_DIR_PATH}/Podfile.lock\" \"${PODS_ROOT}/Manifest.lock\" > /dev/null\nif [ $? != 0 ] ; then\n    # print error to STDERR\n    echo \"error: The sandbox is not in sync with the Podfile.lock. Run 'pod install' or update your CocoaPods installation.\" >&2\n    exit 1\nfi\n# This output is used by Xcode 'outputs' to avoid re-running this script phase.\necho \"SUCCESS\" > \"${SCRIPT_OUTPUT_FILE_0}\"\n";
			showEnvVarsInLog = 0;
		};
		6E50FEA16AAF83EF364528A6 /* [CP] Copy Pods Resources */ = {
			isa = PBXShellScriptBuildPhase;
			buildActionMask = 2147483647;
			files = (
			);
			inputPaths = (
				"${PODS_ROOT}/Target Support Files/Pods-CustomControls/Pods-CustomControls-resources.sh",
				"${PODS_ROOT}/UMCCommonLog/UMCommonLog/UMCommonLog.bundle",
				"${PODS_ROOT}/UMCShare/UMShare/SocialLibraries/Sina/SinaSDK/WeiboSDK.bundle",
				"${PODS_ROOT}/UMCShare/UMShare/UMSocialUI/UMSocialSDKResources.bundle",
			);
			name = "[CP] Copy Pods Resources";
			outputPaths = (
				"${TARGET_BUILD_DIR}/${UNLOCALIZED_RESOURCES_FOLDER_PATH}/UMCommonLog.bundle",
				"${TARGET_BUILD_DIR}/${UNLOCALIZED_RESOURCES_FOLDER_PATH}/WeiboSDK.bundle",
				"${TARGET_BUILD_DIR}/${UNLOCALIZED_RESOURCES_FOLDER_PATH}/UMSocialSDKResources.bundle",
			);
			runOnlyForDeploymentPostprocessing = 0;
			shellPath = /bin/sh;
			shellScript = "\"${PODS_ROOT}/Target Support Files/Pods-CustomControls/Pods-CustomControls-resources.sh\"\n";
			showEnvVarsInLog = 0;
		};
		B75B4A430C8FF7AE322991D1 /* [CP] Embed Pods Frameworks */ = {
			isa = PBXShellScriptBuildPhase;
			buildActionMask = 2147483647;
			files = (
			);
			inputPaths = (
				"${PODS_ROOT}/Target Support Files/Pods-CustomControls/Pods-CustomControls-frameworks.sh",
				"${BUILT_PRODUCTS_DIR}/C4/C4.framework",
				"${BUILT_PRODUCTS_DIR}/MBProgressHUD/MBProgressHUD.framework",
				"${BUILT_PRODUCTS_DIR}/SVProgressHUD/SVProgressHUD.framework",
				"${BUILT_PRODUCTS_DIR}/SnapKit/SnapKit.framework",
			);
			name = "[CP] Embed Pods Frameworks";
			outputPaths = (
				"${TARGET_BUILD_DIR}/${FRAMEWORKS_FOLDER_PATH}/C4.framework",
				"${TARGET_BUILD_DIR}/${FRAMEWORKS_FOLDER_PATH}/MBProgressHUD.framework",
				"${TARGET_BUILD_DIR}/${FRAMEWORKS_FOLDER_PATH}/SVProgressHUD.framework",
				"${TARGET_BUILD_DIR}/${FRAMEWORKS_FOLDER_PATH}/SnapKit.framework",
			);
			runOnlyForDeploymentPostprocessing = 0;
			shellPath = /bin/sh;
			shellScript = "\"${PODS_ROOT}/Target Support Files/Pods-CustomControls/Pods-CustomControls-frameworks.sh\"\n";
			showEnvVarsInLog = 0;
		};
/* End PBXShellScriptBuildPhase section */

/* Begin PBXSourcesBuildPhase section */
		7CD79E881F1359DB0046D461 /* Sources */ = {
			isa = PBXSourcesBuildPhase;
			buildActionMask = 2147483647;
			files = (
				12545D7D23C3296900499871 /* SegmentCollectionCell.swift in Sources */,
				12545D6D23C3296900499871 /* CustomSlider.swift in Sources */,
				1CC3AE6321A938660004F0C8 /* UIColor+Extension.swift in Sources */,
				1C07B22E21A7925900D86591 /* UMTool.swift in Sources */,
				1C07B21F21A791BD00D86591 /* UIView+Extention.swift in Sources */,
				1220A0CD245187720055A410 /* UINavigationBar+Extension.swift in Sources */,
				120D959625AC479500F95416 /* BaseWebActivity.swift in Sources */,
				1220A0D42451A5F00055A410 /* WjPresentationCoutroller.swift in Sources */,
				7CADDE2923B4FCA700873D61 /* MBProgressHUD.swift in Sources */,
				7CBD22FF2160CD4E00599509 /* GlobalConst.swift in Sources */,
				12545D7C23C3296900499871 /* SelectedView.swift in Sources */,
				12545D6E23C3296900499871 /* ProgressView.swift in Sources */,
				1220A0DA2451A67E0055A410 /* UIPlaceHoderTextView.swift in Sources */,
				12545D2A23C31E7800499871 /* BannerContentViewController.swift in Sources */,
				1220A0D32451A5F00055A410 /* PopAnimation.swift in Sources */,
				12545D7A23C3296900499871 /* InfiniteScrollView.swift in Sources */,
				1C20E8DB21ACF05D006D6656 /* WJSegmentedControl.swift in Sources */,
				120D954525AC04EB00F95416 /* BaseWebVC.swift in Sources */,
				1220A0C1245186BD0055A410 /* UIStackView+extension.swift in Sources */,
				7C11DBC5216C5AB20055E5A4 /* FirstVC.swift in Sources */,
				121B255723BF4BA1000EB096 /* ALGCDTimer.m in Sources */,
				12545D6923C3296900499871 /* BadgeBarButtonItem.swift in Sources */,
				1C07B22C21A791F800D86591 /* AppDelegate.swift in Sources */,
				1CF2EED921AFC4E200149237 /* ShareViewController.swift in Sources */,
				1C07B22A21A791D200D86591 /* DragViewController.swift in Sources */,
				1C07B21B21A791B600D86591 /* AuthorizeTool.swift in Sources */,
				1220A0BD245184FA0055A410 /* UITableViewCell+extension.swift in Sources */,
				12545D7E23C3296900499871 /* ContentScrollView.swift in Sources */,
				12545D6723C3296900499871 /* UIButton+badge.swift in Sources */,
				1220A0C9245187210055A410 /* UIBarButtonItem+extension.swift in Sources */,
				1220A0C72451870A0055A410 /* UIButton+Extension.swift in Sources */,
				120D95A925AC4C4C00F95416 /* BaseWebActivitySafari.swift in Sources */,
				120D95C625AC4FF300F95416 /* BaseWebActivityChrome.swift in Sources */,
				1220A0CB245187380055A410 /* NSObject+extension.swift in Sources */,
				1220A0D02451A5E00055A410 /* FromBottomAnimator.swift in Sources */,
				121B255423BF47FD000EB096 /* GCDTimer.swift in Sources */,
				1C0E7A6D21ABECFC00E0C22B /* ContentViewController.swift in Sources */,
				12545D6F23C3296900499871 /* CircleProgressView.swift in Sources */,
				12545D6A23C3296900499871 /* SearchView.swift in Sources */,
				1220A0C3245186CC0055A410 /* Date + extension.swift in Sources */,
				12C666F62450125F004492B5 /* CustomMBPhudVC.swift in Sources */,
				7C11DBC6216C5AB20055E5A4 /* SecondVC.swift in Sources */,
				1220A0DC2451A8E10055A410 /* PopVC.swift in Sources */,
				1C07B22921A791D200D86591 /* SlidersViewController.swift in Sources */,
				1C07B22621A791D200D86591 /* AuthorizeSettingVC.swift in Sources */,
				1C07B22721A791D200D86591 /* ViewController.swift in Sources */,
				1220A0C5245186D60055A410 /* UIImage+extension.swift in Sources */,
				12545D7B23C3296900499871 /* SegmentView.swift in Sources */,
				1C07B21E21A791BD00D86591 /* UIAlertController+TextField.swift in Sources */,
				12545D6C23C3296900499871 /* FloatTitleTextField.swift in Sources */,
				1220A0BF245185090055A410 /* UICollectionViewCell+extension.swift in Sources */,
				12545D6823C3296900499871 /* TitleButton.swift in Sources */,
				1C0760FF21CC81B60004E4EC /* AppStoreReviewManager.swift in Sources */,
				12545D6B23C3296900499871 /* EdgeLabel.swift in Sources */,
			);
			runOnlyForDeploymentPostprocessing = 0;
		};
/* End PBXSourcesBuildPhase section */

/* Begin PBXVariantGroup section */
		7CD79E981F1359DB0046D461 /* LaunchScreen.storyboard */ = {
			isa = PBXVariantGroup;
			children = (
				7CD79E991F1359DB0046D461 /* Base */,
			);
			name = LaunchScreen.storyboard;
			sourceTree = "<group>";
		};
/* End PBXVariantGroup section */

/* Begin XCBuildConfiguration section */
		7CD79E9C1F1359DB0046D461 /* Debug */ = {
			isa = XCBuildConfiguration;
			buildSettings = {
				ALWAYS_SEARCH_USER_PATHS = NO;
				CLANG_ANALYZER_LOCALIZABILITY_NONLOCALIZED = YES;
				CLANG_ANALYZER_NONNULL = YES;
				CLANG_ANALYZER_NUMBER_OBJECT_CONVERSION = YES_AGGRESSIVE;
				CLANG_CXX_LANGUAGE_STANDARD = "gnu++0x";
				CLANG_CXX_LIBRARY = "libc++";
				CLANG_ENABLE_MODULES = YES;
				CLANG_ENABLE_OBJC_ARC = YES;
				CLANG_WARN_BLOCK_CAPTURE_AUTORELEASING = YES;
				CLANG_WARN_BOOL_CONVERSION = YES;
				CLANG_WARN_COMMA = YES;
				CLANG_WARN_CONSTANT_CONVERSION = YES;
				CLANG_WARN_DEPRECATED_OBJC_IMPLEMENTATIONS = YES;
				CLANG_WARN_DIRECT_OBJC_ISA_USAGE = YES_ERROR;
				CLANG_WARN_DOCUMENTATION_COMMENTS = YES;
				CLANG_WARN_EMPTY_BODY = YES;
				CLANG_WARN_ENUM_CONVERSION = YES;
				CLANG_WARN_INFINITE_RECURSION = YES;
				CLANG_WARN_INT_CONVERSION = YES;
				CLANG_WARN_NON_LITERAL_NULL_CONVERSION = YES;
				CLANG_WARN_OBJC_IMPLICIT_RETAIN_SELF = YES;
				CLANG_WARN_OBJC_LITERAL_CONVERSION = YES;
				CLANG_WARN_OBJC_ROOT_CLASS = YES_ERROR;
				CLANG_WARN_RANGE_LOOP_ANALYSIS = YES;
				CLANG_WARN_STRICT_PROTOTYPES = YES;
				CLANG_WARN_SUSPICIOUS_MOVE = YES;
				CLANG_WARN_UNREACHABLE_CODE = YES;
				CLANG_WARN__DUPLICATE_METHOD_MATCH = YES;
				CODE_SIGN_IDENTITY = "iPhone Developer";
				"CODE_SIGN_IDENTITY[sdk=iphoneos*]" = "iPhone Developer";
				COPY_PHASE_STRIP = NO;
				DEBUG_INFORMATION_FORMAT = dwarf;
				DEVELOPMENT_TEAM = STVT8NJP64;
				ENABLE_STRICT_OBJC_MSGSEND = YES;
				ENABLE_TESTABILITY = YES;
				GCC_C_LANGUAGE_STANDARD = gnu99;
				GCC_DYNAMIC_NO_PIC = NO;
				GCC_NO_COMMON_BLOCKS = YES;
				GCC_OPTIMIZATION_LEVEL = 0;
				GCC_PREPROCESSOR_DEFINITIONS = (
					"DEBUG=1",
					"$(inherited)",
				);
				GCC_WARN_64_TO_32_BIT_CONVERSION = YES;
				GCC_WARN_ABOUT_RETURN_TYPE = YES_ERROR;
				GCC_WARN_UNDECLARED_SELECTOR = YES;
				GCC_WARN_UNINITIALIZED_AUTOS = YES_AGGRESSIVE;
				GCC_WARN_UNUSED_FUNCTION = YES;
				GCC_WARN_UNUSED_VARIABLE = YES;
				IPHONEOS_DEPLOYMENT_TARGET = 10.3;
				MTL_ENABLE_DEBUG_INFO = YES;
				ONLY_ACTIVE_ARCH = YES;
				SDKROOT = iphoneos;
				SWIFT_ACTIVE_COMPILATION_CONDITIONS = DEBUG;
				SWIFT_OPTIMIZATION_LEVEL = "-Onone";
				SWIFT_VERSION = 5.0;
			};
			name = Debug;
		};
		7CD79E9D1F1359DB0046D461 /* Release */ = {
			isa = XCBuildConfiguration;
			buildSettings = {
				ALWAYS_SEARCH_USER_PATHS = NO;
				CLANG_ANALYZER_LOCALIZABILITY_NONLOCALIZED = YES;
				CLANG_ANALYZER_NONNULL = YES;
				CLANG_ANALYZER_NUMBER_OBJECT_CONVERSION = YES_AGGRESSIVE;
				CLANG_CXX_LANGUAGE_STANDARD = "gnu++0x";
				CLANG_CXX_LIBRARY = "libc++";
				CLANG_ENABLE_MODULES = YES;
				CLANG_ENABLE_OBJC_ARC = YES;
				CLANG_WARN_BLOCK_CAPTURE_AUTORELEASING = YES;
				CLANG_WARN_BOOL_CONVERSION = YES;
				CLANG_WARN_COMMA = YES;
				CLANG_WARN_CONSTANT_CONVERSION = YES;
				CLANG_WARN_DEPRECATED_OBJC_IMPLEMENTATIONS = YES;
				CLANG_WARN_DIRECT_OBJC_ISA_USAGE = YES_ERROR;
				CLANG_WARN_DOCUMENTATION_COMMENTS = YES;
				CLANG_WARN_EMPTY_BODY = YES;
				CLANG_WARN_ENUM_CONVERSION = YES;
				CLANG_WARN_INFINITE_RECURSION = YES;
				CLANG_WARN_INT_CONVERSION = YES;
				CLANG_WARN_NON_LITERAL_NULL_CONVERSION = YES;
				CLANG_WARN_OBJC_IMPLICIT_RETAIN_SELF = YES;
				CLANG_WARN_OBJC_LITERAL_CONVERSION = YES;
				CLANG_WARN_OBJC_ROOT_CLASS = YES_ERROR;
				CLANG_WARN_RANGE_LOOP_ANALYSIS = YES;
				CLANG_WARN_STRICT_PROTOTYPES = YES;
				CLANG_WARN_SUSPICIOUS_MOVE = YES;
				CLANG_WARN_UNREACHABLE_CODE = YES;
				CLANG_WARN__DUPLICATE_METHOD_MATCH = YES;
				CODE_SIGN_IDENTITY = "iPhone Developer";
				"CODE_SIGN_IDENTITY[sdk=iphoneos*]" = "iPhone Developer";
				COPY_PHASE_STRIP = NO;
				DEBUG_INFORMATION_FORMAT = "dwarf-with-dsym";
				DEVELOPMENT_TEAM = STVT8NJP64;
				ENABLE_NS_ASSERTIONS = NO;
				ENABLE_STRICT_OBJC_MSGSEND = YES;
				GCC_C_LANGUAGE_STANDARD = gnu99;
				GCC_NO_COMMON_BLOCKS = YES;
				GCC_WARN_64_TO_32_BIT_CONVERSION = YES;
				GCC_WARN_ABOUT_RETURN_TYPE = YES_ERROR;
				GCC_WARN_UNDECLARED_SELECTOR = YES;
				GCC_WARN_UNINITIALIZED_AUTOS = YES_AGGRESSIVE;
				GCC_WARN_UNUSED_FUNCTION = YES;
				GCC_WARN_UNUSED_VARIABLE = YES;
				IPHONEOS_DEPLOYMENT_TARGET = 10.3;
				MTL_ENABLE_DEBUG_INFO = NO;
				SDKROOT = iphoneos;
				SWIFT_OPTIMIZATION_LEVEL = "-Owholemodule";
				SWIFT_VERSION = 5.0;
				VALIDATE_PRODUCT = YES;
			};
			name = Release;
		};
		7CD79E9F1F1359DB0046D461 /* Debug */ = {
			isa = XCBuildConfiguration;
			baseConfigurationReference = F5C418FB5504E47DCA1D7BA5 /* Pods-CustomControls.debug.xcconfig */;
			buildSettings = {
				ASSETCATALOG_COMPILER_APPICON_NAME = AppIcon;
				CODE_SIGN_ENTITLEMENTS = CustomControls/CustomControls.entitlements;
				CODE_SIGN_IDENTITY = "Apple Development";
				CODE_SIGN_STYLE = Automatic;
				DEVELOPMENT_TEAM = HTLUXJY7R8;
				INFOPLIST_FILE = CustomControls/Info.plist;
				IPHONEOS_DEPLOYMENT_TARGET = 10.0;
				LD_RUNPATH_SEARCH_PATHS = "$(inherited) @executable_path/Frameworks";
				PRODUCT_BUNDLE_IDENTIFIER = com.swiftwidget.wjq;
				PRODUCT_NAME = "$(TARGET_NAME)";
				PROVISIONING_PROFILE_SPECIFIER = "";
				SWIFT_OBJC_BRIDGING_HEADER = "CustomControls/Bridging-Header.h";
				SWIFT_VERSION = 5.0;
			};
			name = Debug;
		};
		7CD79EA01F1359DB0046D461 /* Release */ = {
			isa = XCBuildConfiguration;
			baseConfigurationReference = 0C0208252D9E8D510E4267A8 /* Pods-CustomControls.release.xcconfig */;
			buildSettings = {
				ASSETCATALOG_COMPILER_APPICON_NAME = AppIcon;
				CODE_SIGN_ENTITLEMENTS = CustomControls/CustomControls.entitlements;
				CODE_SIGN_IDENTITY = "Apple Development";
				CODE_SIGN_STYLE = Automatic;
				DEVELOPMENT_TEAM = HTLUXJY7R8;
				INFOPLIST_FILE = CustomControls/Info.plist;
				IPHONEOS_DEPLOYMENT_TARGET = 10.0;
				LD_RUNPATH_SEARCH_PATHS = "$(inherited) @executable_path/Frameworks";
				PRODUCT_BUNDLE_IDENTIFIER = com.swiftwidget.wjq;
				PRODUCT_NAME = "$(TARGET_NAME)";
				PROVISIONING_PROFILE_SPECIFIER = "";
				SWIFT_OBJC_BRIDGING_HEADER = "CustomControls/Bridging-Header.h";
				SWIFT_VERSION = 5.0;
			};
			name = Release;
		};
/* End XCBuildConfiguration section */

/* Begin XCConfigurationList section */
		7CD79E871F1359DA0046D461 /* Build configuration list for PBXProject "CustomControls" */ = {
			isa = XCConfigurationList;
			buildConfigurations = (
				7CD79E9C1F1359DB0046D461 /* Debug */,
				7CD79E9D1F1359DB0046D461 /* Release */,
			);
			defaultConfigurationIsVisible = 0;
			defaultConfigurationName = Release;
		};
		7CD79E9E1F1359DB0046D461 /* Build configuration list for PBXNativeTarget "CustomControls" */ = {
			isa = XCConfigurationList;
			buildConfigurations = (
				7CD79E9F1F1359DB0046D461 /* Debug */,
				7CD79EA01F1359DB0046D461 /* Release */,
			);
			defaultConfigurationIsVisible = 0;
			defaultConfigurationName = Release;
		};
/* End XCConfigurationList section */
	};
	rootObject = 7CD79E841F1359DA0046D461 /* Project object */;
}
